
Microsoft Visual Studio Solution File, Format Version 12.00
# Visual Studio Version 17
VisualStudioVersion = 17.9.34616.47
MinimumVisualStudioVersion = 10.0.40219.1
Project("{FAE04EC0-301F-11D3-BF4B-00C04F79EFBC}") = "FixingCode1", "FixingCode1\FixingCode1.csproj", "{83E0B6EA-277D-4B13-BE89-063A0A772625}"
EndProject
Project("{FAE04EC0-301F-11D3-BF4B-00C04F79EFBC}") = "FixingCode2", "FixingCode2\FixingCode2.csproj", "{C2C1F9F7-3612-4C2A-9559-56AD0D691C65}"
EndProject
Project("{FAE04EC0-301F-11D3-BF4B-00C04F79EFBC}") = "FixingCode3", "FixingCode3\FixingCode3.csproj", "{95DA7CBC-5B35-4893-B17B-9533FC1B80B7}"
EndProject
Project("{FAE04EC0-301F-11D3-BF4B-00C04F79EFBC}") = "MemoryLeakExample1", "MemoryLeakExample1\MemoryLeakExample1.csproj", "{3EB39FA0-B289-4027-97B2-9659C3445D24}"
EndProject
Project("{FAE04EC0-301F-11D3-BF4B-00C04F79EFBC}") = "MemoryLeakExample2", "MemoryLeakExample2\MemoryLeakExample2.csproj", "{D348FB06-4109-4BB4-AF3F-187D3F4AD38F}"
EndProject
Project("{FAE04EC0-301F-11D3-BF4B-00C04F79EFBC}") = "MemoryLeakExample3", "MemoryLeakExample3\MemoryLeakExample3.csproj", "{3E028671-A72D-4164-8CE3-21DAC6F7FA01}"
EndProject
Project("{FAE04EC0-301F-11D3-BF4B-00C04F79EFBC}") = "FixingCode7", "FixingCode7\FixingCode7.csproj", "{F2B086CE-0DE5-4AE8-803F-8DB4061266D5}"
EndProject
Project("{FAE04EC0-301F-11D3-BF4B-00C04F79EFBC}") = "AuthDocument", "AuthDocument\AuthDocument.csproj", "{69BC1297-DB9B-4DA5-9053-EE139F88BFAC}"
EndProject
Global
	GlobalSection(SolutionConfigurationPlatforms) = preSolution
		Debug|Any CPU = Debug|Any CPU
		Release|Any CPU = Release|Any CPU
	EndGlobalSection
	GlobalSection(ProjectConfigurationPlatforms) = postSolution
		{83E0B6EA-277D-4B13-BE89-063A0A772625}.Debug|Any CPU.ActiveCfg = Debug|Any CPU
		{83E0B6EA-277D-4B13-BE89-063A0A772625}.Debug|Any CPU.Build.0 = Debug|Any CPU
		{83E0B6EA-277D-4B13-BE89-063A0A772625}.Release|Any CPU.ActiveCfg = Release|Any CPU
		{83E0B6EA-277D-4B13-BE89-063A0A772625}.Release|Any CPU.Build.0 = Release|Any CPU
		{C2C1F9F7-3612-4C2A-9559-56AD0D691C65}.Debug|Any CPU.ActiveCfg = Debug|Any CPU
		{C2C1F9F7-3612-4C2A-9559-56AD0D691C65}.Debug|Any CPU.Build.0 = Debug|Any CPU
		{C2C1F9F7-3612-4C2A-9559-56AD0D691C65}.Release|Any CPU.ActiveCfg = Release|Any CPU
		{C2C1F9F7-3612-4C2A-9559-56AD0D691C65}.Release|Any CPU.Build.0 = Release|Any CPU
		{95DA7CBC-5B35-4893-B17B-9533FC1B80B7}.Debug|Any CPU.ActiveCfg = Debug|Any CPU
		{95DA7CBC-5B35-4893-B17B-9533FC1B80B7}.Debug|Any CPU.Build.0 = Debug|Any CPU
		{95DA7CBC-5B35-4893-B17B-9533FC1B80B7}.Release|Any CPU.ActiveCfg = Release|Any CPU
		{95DA7CBC-5B35-4893-B17B-9533FC1B80B7}.Release|Any CPU.Build.0 = Release|Any CPU
		{3EB39FA0-B289-4027-97B2-9659C3445D24}.Debug|Any CPU.ActiveCfg = Debug|Any CPU
		{3EB39FA0-B289-4027-97B2-9659C3445D24}.Debug|Any CPU.Build.0 = Debug|Any CPU
		{3EB39FA0-B289-4027-97B2-9659C3445D24}.Release|Any CPU.ActiveCfg = Release|Any CPU
		{3EB39FA0-B289-4027-97B2-9659C3445D24}.Release|Any CPU.Build.0 = Release|Any CPU
		{D348FB06-4109-4BB4-AF3F-187D3F4AD38F}.Debug|Any CPU.ActiveCfg = Debug|Any CPU
		{D348FB06-4109-4BB4-AF3F-187D3F4AD38F}.Debug|Any CPU.Build.0 = Debug|Any CPU
		{D348FB06-4109-4BB4-AF3F-187D3F4AD38F}.Release|Any CPU.ActiveCfg = Release|Any CPU
		{D348FB06-4109-4BB4-AF3F-187D3F4AD38F}.Release|Any CPU.Build.0 = Release|Any CPU
		{3E028671-A72D-4164-8CE3-21DAC6F7FA01}.Debug|Any CPU.ActiveCfg = Debug|Any CPU
		{3E028671-A72D-4164-8CE3-21DAC6F7FA01}.Debug|Any CPU.Build.0 = Debug|Any CPU
		{3E028671-A72D-4164-8CE3-21DAC6F7FA01}.Release|Any CPU.ActiveCfg = Release|Any CPU
		{3E028671-A72D-4164-8CE3-21DAC6F7FA01}.Release|Any CPU.Build.0 = Release|Any CPU
		{F2B086CE-0DE5-4AE8-803F-8DB4061266D5}.Debug|Any CPU.ActiveCfg = Debug|Any CPU
		{F2B086CE-0DE5-4AE8-803F-8DB4061266D5}.Debug|Any CPU.Build.0 = Debug|Any CPU
		{F2B086CE-0DE5-4AE8-803F-8DB4061266D5}.Release|Any CPU.ActiveCfg = Release|Any CPU
		{F2B086CE-0DE5-4AE8-803F-8DB4061266D5}.Release|Any CPU.Build.0 = Release|Any CPU
		{69BC1297-DB9B-4DA5-9053-EE139F88BFAC}.Debug|Any CPU.ActiveCfg = Debug|Any CPU
		{69BC1297-DB9B-4DA5-9053-EE139F88BFAC}.Debug|Any CPU.Build.0 = Debug|Any CPU
		{69BC1297-DB9B-4DA5-9053-EE139F88BFAC}.Release|Any CPU.ActiveCfg = Release|Any CPU
		{69BC1297-DB9B-4DA5-9053-EE139F88BFAC}.Release|Any CPU.Build.0 = Release|Any CPU
	EndGlobalSection
	GlobalSection(SolutionProperties) = preSolution
		HideSolutionNode = FALSE
	EndGlobalSection
	GlobalSection(ExtensibilityGlobals) = postSolution
		SolutionGuid = {70719E5F-0A29-4846-9132-191470D19455}
	EndGlobalSection
EndGlobal
